Microsoft Visual Studio Solution File, Format Version 12.00
# Visual Studio Version 17
VisualStudioVersion = 17.5.2.0
MinimumVisualStudioVersion = 10.0.40219.1
Project("{FAE04EC0-301F-11D3-BF4B-00C04F79EFBC}") = "CourierManagementSystem", "CourierManagementSystem.csproj", "{412727F9-57AB-2C8A-0652-3D37ADE82BD0}"
EndProject
Global
	GlobalSection(SolutionConfigurationPlatforms) = preSolution
		Debug|Any CPU = Debug|Any CPU
		Release|Any CPU = Release|Any CPU
	EndGlobalSection
	GlobalSection(ProjectConfigurationPlatforms) = postSolution
		{412727F9-57AB-2C8A-0652-3D37ADE82BD0}.Debug|Any CPU.ActiveCfg = Debug|Any CPU
		{412727F9-57AB-2C8A-0652-3D37ADE82BD0}.Debug|Any CPU.Build.0 = Debug|Any CPU
		{412727F9-57AB-2C8A-0652-3D37ADE82BD0}.Release|Any CPU.ActiveCfg = Release|Any CPU
		{412727F9-57AB-2C8A-0652-3D37ADE82BD0}.Release|Any CPU.Build.0 = Release|Any CPU
	EndGlobalSection
	GlobalSection(SolutionProperties) = preSolution
		HideSolutionNode = FALSE
	EndGlobalSection
	GlobalSection(ExtensibilityGlobals) = postSolution
		SolutionGuid = {1A1B7632-8C5C-471F-A8EF-ADF734C78CFF}
	EndGlobalSection
EndGlobal
